// !$*UTF8*$!
{
	archiveVersion = 1;
	classes = {
	};
	objectVersion = 48;
	objects = {

/* Begin PBXBuildFile section */
		E436BA20205AE96300EF624D /* SortingTester.cpp in Sources */ = {isa = PBXBuildFile; fileRef = E436BA1E205AE96300EF624D /* SortingTester.cpp */; };
		E448D46A202A33B00075090C /* ArrayTester.cpp in Sources */ = {isa = PBXBuildFile; fileRef = E448D468202A33B00075090C /* ArrayTester.cpp */; };
		E4658C0D2044954800A65706 /* TestingStacksAndQueues.cpp in Sources */ = {isa = PBXBuildFile; fileRef = E4658C0B2044954800A65706 /* TestingStacksAndQueues.cpp */; };
		E46F9125204DC54600DDBD9D /* RecursionTester.cpp in Sources */ = {isa = PBXBuildFile; fileRef = E46F9123204DC54600DDBD9D /* RecursionTester.cpp */; };
		E48F964A20696383000F177F /* GraphTester.cpp in Sources */ = {isa = PBXBuildFile; fileRef = E48F964820696383000F177F /* GraphTester.cpp */; };
		E4A9CD2B203CA26B00EC09A2 /* LinkedList.cpp in Sources */ = {isa = PBXBuildFile; fileRef = E4A9CD29203CA26B00EC09A2 /* LinkedList.cpp */; };
		E4A9CD2E203CAEC400EC09A2 /* LinkedListTester.cpp in Sources */ = {isa = PBXBuildFile; fileRef = E4A9CD2C203CAEC400EC09A2 /* LinkedListTester.cpp */; };
		E4AD12A9206ACA15003C7D9B /* BinaryTreeTester.cpp in Sources */ = {isa = PBXBuildFile; fileRef = E4AD12A7206ACA15003C7D9B /* BinaryTreeTester.cpp */; };
		E4DD74A72022436800F8E087 /* Runner.cpp in Sources */ = {isa = PBXBuildFile; fileRef = E4DD74A62022436800F8E087 /* Runner.cpp */; };
		E4DD74AA2022437800F8E087 /* Controller.cpp in Sources */ = {isa = PBXBuildFile; fileRef = E4DD74A82022437800F8E087 /* Controller.cpp */; };
		E4DD74AD2022470400F8E087 /* Timer.cpp in Sources */ = {isa = PBXBuildFile; fileRef = E4DD74AB2022470400F8E087 /* Timer.cpp */; };
		E4DD74BF20224F7F00F8E087 /* FileController.cpp in Sources */ = {isa = PBXBuildFile; fileRef = E4DD74BD20224F7F00F8E087 /* FileController.cpp */; };
		E4DD74D02022557A00F8E087 /* CrimeData.cpp in Sources */ = {isa = PBXBuildFile; fileRef = E4DD74CF2022557A00F8E087 /* CrimeData.cpp */; };
/* End PBXBuildFile section */

/* Begin PBXCopyFilesBuildPhase section */
		E4DD74992022433D00F8E087 /* CopyFiles */ = {
			isa = PBXCopyFilesBuildPhase;
			buildActionMask = 2147483647;
			dstPath = /usr/share/man/man1/;
			dstSubfolderSpec = 0;
			files = (
			);
			runOnlyForDeploymentPostprocessing = 1;
		};
/* End PBXCopyFilesBuildPhase section */

/* Begin PBXFileReference section */
		E4170DC3208E50D6007E8A3B /* N_AryTreeNode.hpp */ = {isa = PBXFileReference; lastKnownFileType = sourcecode.cpp.h; path = N_AryTreeNode.hpp; sourceTree = "<group>"; };
		E4252065203F4A5400D31C55 /* Stack.hpp */ = {isa = PBXFileReference; lastKnownFileType = sourcecode.cpp.h; path = Stack.hpp; sourceTree = "<group>"; };
		E4252068203F4A6300D31C55 /* Queue.hpp */ = {isa = PBXFileReference; lastKnownFileType = sourcecode.cpp.h; path = Queue.hpp; sourceTree = "<group>"; };
		E436BA1E205AE96300EF624D /* SortingTester.cpp */ = {isa = PBXFileReference; lastKnownFileType = sourcecode.cpp.cpp; path = SortingTester.cpp; sourceTree = "<group>"; };
		E436BA1F205AE96300EF624D /* SortingTester.hpp */ = {isa = PBXFileReference; lastKnownFileType = sourcecode.cpp.h; path = SortingTester.hpp; sourceTree = "<group>"; };
		E448D468202A33B00075090C /* ArrayTester.cpp */ = {isa = PBXFileReference; lastKnownFileType = sourcecode.cpp.cpp; path = ArrayTester.cpp; sourceTree = "<group>"; };
		E448D469202A33B00075090C /* ArrayTester.hpp */ = {isa = PBXFileReference; lastKnownFileType = sourcecode.cpp.h; path = ArrayTester.hpp; sourceTree = "<group>"; };
		E453C92320866B7500418D4F /* AVLTree.hpp */ = {isa = PBXFileReference; lastKnownFileType = sourcecode.cpp.h; path = AVLTree.hpp; sourceTree = "<group>"; };
		E461F253202A44160030E8F3 /* Node.hpp */ = {isa = PBXFileReference; lastKnownFileType = sourcecode.cpp.h; path = Node.hpp; sourceTree = "<group>"; };
		E461F256202A47110030E8F3 /* LinearNode.hpp */ = {isa = PBXFileReference; lastKnownFileType = sourcecode.cpp.h; path = LinearNode.hpp; sourceTree = "<group>"; };
		E4658C0920448FB100A65706 /* DoubleNode.hpp */ = {isa = PBXFileReference; lastKnownFileType = sourcecode.cpp.h; path = DoubleNode.hpp; sourceTree = "<group>"; };
		E4658C0B2044954800A65706 /* TestingStacksAndQueues.cpp */ = {isa = PBXFileReference; lastKnownFileType = sourcecode.cpp.cpp; path = TestingStacksAndQueues.cpp; sourceTree = "<group>"; };
		E4658C0C2044954800A65706 /* TestingStacksAndQueues.hpp */ = {isa = PBXFileReference; lastKnownFileType = sourcecode.cpp.h; path = TestingStacksAndQueues.hpp; sourceTree = "<group>"; };
		E4658C0F2044997B00A65706 /* CircularList.hpp */ = {isa = PBXFileReference; lastKnownFileType = sourcecode.cpp.h; path = CircularList.hpp; sourceTree = "<group>"; };
		E46F9123204DC54600DDBD9D /* RecursionTester.cpp */ = {isa = PBXFileReference; lastKnownFileType = sourcecode.cpp.cpp; path = RecursionTester.cpp; sourceTree = "<group>"; };
		E46F9124204DC54600DDBD9D /* RecursionTester.hpp */ = {isa = PBXFileReference; lastKnownFileType = sourcecode.cpp.h; path = RecursionTester.hpp; sourceTree = "<group>"; };
		E478D5682024EDF200BE300D /* Array.hpp */ = {isa = PBXFileReference; lastKnownFileType = sourcecode.cpp.h; path = Array.hpp; sourceTree = "<group>"; };
		E48F964820696383000F177F /* GraphTester.cpp */ = {isa = PBXFileReference; lastKnownFileType = sourcecode.cpp.cpp; path = GraphTester.cpp; sourceTree = "<group>"; };
		E48F964920696383000F177F /* GraphTester.hpp */ = {isa = PBXFileReference; lastKnownFileType = sourcecode.cpp.h; path = GraphTester.hpp; sourceTree = "<group>"; };
		E4A9CD29203CA26B00EC09A2 /* LinkedList.cpp */ = {isa = PBXFileReference; lastKnownFileType = sourcecode.cpp.cpp; path = LinkedList.cpp; sourceTree = "<group>"; };
		E4A9CD2A203CA26B00EC09A2 /* LinkedList.hpp */ = {isa = PBXFileReference; lastKnownFileType = sourcecode.cpp.h; path = LinkedList.hpp; sourceTree = "<group>"; };
		E4A9CD2C203CAEC400EC09A2 /* LinkedListTester.cpp */ = {isa = PBXFileReference; lastKnownFileType = sourcecode.cpp.cpp; path = LinkedListTester.cpp; sourceTree = "<group>"; };
		E4A9CD2D203CAEC400EC09A2 /* LinkedListTester.hpp */ = {isa = PBXFileReference; lastKnownFileType = sourcecode.cpp.h; path = LinkedListTester.hpp; sourceTree = "<group>"; };
		E4AD12A5206ABF13003C7D9B /* BinaryTreeNode.hpp */ = {isa = PBXFileReference; lastKnownFileType = sourcecode.cpp.h; path = BinaryTreeNode.hpp; sourceTree = "<group>"; };
		E4AD12A7206ACA15003C7D9B /* BinaryTreeTester.cpp */ = {isa = PBXFileReference; lastKnownFileType = sourcecode.cpp.cpp; path = BinaryTreeTester.cpp; sourceTree = "<group>"; };
		E4AD12A8206ACA15003C7D9B /* BinaryTreeTester.hpp */ = {isa = PBXFileReference; lastKnownFileType = sourcecode.cpp.h; path = BinaryTreeTester.hpp; sourceTree = "<group>"; };
		E4AD12AB206AD411003C7D9B /* Tree.hpp */ = {isa = PBXFileReference; lastKnownFileType = sourcecode.cpp.h; path = Tree.hpp; sourceTree = "<group>"; };
		E4BE3DE1202CE16B00C638E5 /* List.hpp */ = {isa = PBXFileReference; lastKnownFileType = sourcecode.cpp.h; path = List.hpp; sourceTree = "<group>"; };
		E4DD749B2022433D00F8E087 /* DataStructures */ = {isa = PBXFileReference; explicitFileType = "compiled.mach-o.executable"; includeInIndex = 0; path = DataStructures; sourceTree = BUILT_PRODUCTS_DIR; };
		E4DD74A62022436800F8E087 /* Runner.cpp */ = {isa = PBXFileReference; lastKnownFileType = sourcecode.cpp.cpp; path = Runner.cpp; sourceTree = "<group>"; };
		E4DD74A82022437800F8E087 /* Controller.cpp */ = {isa = PBXFileReference; lastKnownFileType = sourcecode.cpp.cpp; path = Controller.cpp; sourceTree = "<group>"; };
		E4DD74A92022437800F8E087 /* Controller.hpp */ = {isa = PBXFileReference; lastKnownFileType = sourcecode.cpp.h; path = Controller.hpp; sourceTree = "<group>"; };
		E4DD74AB2022470400F8E087 /* Timer.cpp */ = {isa = PBXFileReference; lastKnownFileType = sourcecode.cpp.cpp; path = Timer.cpp; sourceTree = "<group>"; };
		E4DD74AC2022470400F8E087 /* Timer.hpp */ = {isa = PBXFileReference; lastKnownFileType = sourcecode.cpp.h; path = Timer.hpp; sourceTree = "<group>"; };
		E4DD74BD20224F7F00F8E087 /* FileController.cpp */ = {isa = PBXFileReference; lastKnownFileType = sourcecode.cpp.cpp; path = FileController.cpp; sourceTree = "<group>"; };
		E4DD74BE20224F7F00F8E087 /* FileController.hpp */ = {isa = PBXFileReference; lastKnownFileType = sourcecode.cpp.h; path = FileController.hpp; sourceTree = "<group>"; };
		E4DD74CD2022557A00F8E087 /* crime.csv */ = {isa = PBXFileReference; fileEncoding = 4; lastKnownFileType = text; path = crime.csv; sourceTree = "<group>"; };
		E4DD74CE2022557A00F8E087 /* CrimeData.hpp */ = {isa = PBXFileReference; fileEncoding = 4; lastKnownFileType = sourcecode.cpp.h; path = CrimeData.hpp; sourceTree = "<group>"; };
		E4DD74CF2022557A00F8E087 /* CrimeData.cpp */ = {isa = PBXFileReference; fileEncoding = 4; lastKnownFileType = sourcecode.cpp.cpp; path = CrimeData.cpp; sourceTree = "<group>"; };
		E4DEF0F320603617000140AE /* Graph.hpp */ = {isa = PBXFileReference; lastKnownFileType = sourcecode.cpp.h; path = Graph.hpp; sourceTree = "<group>"; };
		E4F9BD54206D5FB400D56779 /* BinarySearchTree.hpp */ = {isa = PBXFileReference; lastKnownFileType = sourcecode.cpp.h; path = BinarySearchTree.hpp; sourceTree = "<group>"; };
/* End PBXFileReference section */

/* Begin PBXFrameworksBuildPhase section */
		E4DD74982022433D00F8E087 /* Frameworks */ = {
			isa = PBXFrameworksBuildPhase;
			buildActionMask = 2147483647;
			files = (
			);
			runOnlyForDeploymentPostprocessing = 0;
		};
/* End PBXFrameworksBuildPhase section */

/* Begin PBXGroup section */
		E4252063203F495C00D31C55 /* Linear */ = {
			isa = PBXGroup;
			children = (
				E4BE3DE1202CE16B00C638E5 /* List.hpp */,
				E4A9CD2A203CA26B00EC09A2 /* LinkedList.hpp */,
				E478D5682024EDF200BE300D /* Array.hpp */,
				E4252065203F4A5400D31C55 /* Stack.hpp */,
				E4252068203F4A6300D31C55 /* Queue.hpp */,
				E4658C0F2044997B00A65706 /* CircularList.hpp */,
			);
			path = Linear;
			sourceTree = "<group>";
		};
		E448D467202A33850075090C /* Testers */ = {
			isa = PBXGroup;
			children = (
				E448D468202A33B00075090C /* ArrayTester.cpp */,
				E448D469202A33B00075090C /* ArrayTester.hpp */,
				E4A9CD2C203CAEC400EC09A2 /* LinkedListTester.cpp */,
				E4A9CD2D203CAEC400EC09A2 /* LinkedListTester.hpp */,
				E4658C0B2044954800A65706 /* TestingStacksAndQueues.cpp */,
				E4658C0C2044954800A65706 /* TestingStacksAndQueues.hpp */,
				E46F9123204DC54600DDBD9D /* RecursionTester.cpp */,
				E46F9124204DC54600DDBD9D /* RecursionTester.hpp */,
				E436BA1E205AE96300EF624D /* SortingTester.cpp */,
				E436BA1F205AE96300EF624D /* SortingTester.hpp */,
				E48F964820696383000F177F /* GraphTester.cpp */,
				E48F964920696383000F177F /* GraphTester.hpp */,
				E4AD12A7206ACA15003C7D9B /* BinaryTreeTester.cpp */,
				E4AD12A8206ACA15003C7D9B /* BinaryTreeTester.hpp */,
			);
			path = Testers;
			sourceTree = "<group>";
		};
		E461F251202A43F80030E8F3 /* Nodes */ = {
			isa = PBXGroup;
			children = (
				E461F253202A44160030E8F3 /* Node.hpp */,
				E461F256202A47110030E8F3 /* LinearNode.hpp */,
				E4AD12A5206ABF13003C7D9B /* BinaryTreeNode.hpp */,
				E4658C0920448FB100A65706 /* DoubleNode.hpp */,
				E4170DC3208E50D6007E8A3B /* N_AryTreeNode.hpp */,
			);
			path = Nodes;
			sourceTree = "<group>";
		};
		E478D5652024ED5500BE300D /* Model */ = {
			isa = PBXGroup;
			children = (
				E461F251202A43F80030E8F3 /* Nodes */,
				E478D5662024EDC500BE300D /* Structures */,
			);
			path = Model;
			sourceTree = "<group>";
		};
		E478D5662024EDC500BE300D /* Structures */ = {
			isa = PBXGroup;
			children = (
				E4DEF0F1206035FB000140AE /* Non-Linear */,
				E4252063203F495C00D31C55 /* Linear */,
				E4A9CD29203CA26B00EC09A2 /* LinkedList.cpp */,
			);
			path = Structures;
			sourceTree = "<group>";
		};
		E4DD74922022433D00F8E087 = {
			isa = PBXGroup;
			children = (
				E4DD749D2022433D00F8E087 /* DataStructures */,
				E4DD749C2022433D00F8E087 /* Products */,
			);
			sourceTree = "<group>";
		};
		E4DD749C2022433D00F8E087 /* Products */ = {
			isa = PBXGroup;
			children = (
				E4DD749B2022433D00F8E087 /* DataStructures */,
			);
			name = Products;
			sourceTree = "<group>";
		};
		E4DD749D2022433D00F8E087 /* DataStructures */ = {
			isa = PBXGroup;
			children = (
				E4DD74A62022436800F8E087 /* Runner.cpp */,
				E448D467202A33850075090C /* Testers */,
				E4DD74C82022544F00F8E087 /* Data */,
				E4DD74A52022435300F8E087 /* Controller */,
				E478D5652024ED5500BE300D /* Model */,
			);
			path = DataStructures;
			sourceTree = "<group>";
		};
		E4DD74A52022435300F8E087 /* Controller */ = {
			isa = PBXGroup;
			children = (
				E4DD74AE2022470900F8E087 /* Tools */,
				E4DD74A82022437800F8E087 /* Controller.cpp */,
				E4DD74A92022437800F8E087 /* Controller.hpp */,
				E4DD74BD20224F7F00F8E087 /* FileController.cpp */,
				E4DD74BE20224F7F00F8E087 /* FileController.hpp */,
			);
			path = Controller;
			sourceTree = "<group>";
		};
		E4DD74AE2022470900F8E087 /* Tools */ = {
			isa = PBXGroup;
			children = (
				E4DD74AB2022470400F8E087 /* Timer.cpp */,
				E4DD74AC2022470400F8E087 /* Timer.hpp */,
			);
			path = Tools;
			sourceTree = "<group>";
		};
		E4DD74C82022544F00F8E087 /* Data */ = {
			isa = PBXGroup;
			children = (
				E4DD74CD2022557A00F8E087 /* crime.csv */,
				E4DD74CF2022557A00F8E087 /* CrimeData.cpp */,
				E4DD74CE2022557A00F8E087 /* CrimeData.hpp */,
			);
			path = Data;
			sourceTree = "<group>";
		};
		E4DEF0F1206035FB000140AE /* Non-Linear */ = {
			isa = PBXGroup;
			children = (
				E4DEF0F320603617000140AE /* Graph.hpp */,
				E4AD12AB206AD411003C7D9B /* Tree.hpp */,
				E4F9BD54206D5FB400D56779 /* BinarySearchTree.hpp */,
				E453C92320866B7500418D4F /* AVLTree.hpp */,
			);
			path = "Non-Linear";
			sourceTree = "<group>";
		};
/* End PBXGroup section */

/* Begin PBXNativeTarget section */
		E4DD749A2022433D00F8E087 /* DataStructures */ = {
			isa = PBXNativeTarget;
			buildConfigurationList = E4DD74A22022433D00F8E087 /* Build configuration list for PBXNativeTarget "DataStructures" */;
			buildPhases = (
				E4DD74972022433D00F8E087 /* Sources */,
				E4DD74982022433D00F8E087 /* Frameworks */,
				E4DD74992022433D00F8E087 /* CopyFiles */,
			);
			buildRules = (
			);
			dependencies = (
			);
			name = DataStructures;
			productName = DataStructures;
			productReference = E4DD749B2022433D00F8E087 /* DataStructures */;
			productType = "com.apple.product-type.tool";
		};
/* End PBXNativeTarget section */

/* Begin PBXProject section */
		E4DD74932022433D00F8E087 /* Project object */ = {
			isa = PBXProject;
			attributes = {
				LastUpgradeCheck = 0900;
				ORGANIZATIONNAME = CTEC;
				TargetAttributes = {
					E4DD749A2022433D00F8E087 = {
						CreatedOnToolsVersion = 9.0;
						ProvisioningStyle = Automatic;
					};
				};
			};
			buildConfigurationList = E4DD74962022433D00F8E087 /* Build configuration list for PBXProject "DataStructures" */;
			compatibilityVersion = "Xcode 8.0";
			developmentRegion = en;
			hasScannedForEncodings = 0;
			knownRegions = (
				en,
			);
			mainGroup = E4DD74922022433D00F8E087;
			productRefGroup = E4DD749C2022433D00F8E087 /* Products */;
			projectDirPath = "";
			projectRoot = "";
			targets = (
				E4DD749A2022433D00F8E087 /* DataStructures */,
			);
		};
/* End PBXProject section */

/* Begin PBXSourcesBuildPhase section */
		E4DD74972022433D00F8E087 /* Sources */ = {
			isa = PBXSourcesBuildPhase;
			buildActionMask = 2147483647;
			files = (
				E4DD74AD2022470400F8E087 /* Timer.cpp in Sources */,
				E4AD12A9206ACA15003C7D9B /* BinaryTreeTester.cpp in Sources */,
				E46F9125204DC54600DDBD9D /* RecursionTester.cpp in Sources */,
				E4DD74D02022557A00F8E087 /* CrimeData.cpp in Sources */,
				E4DD74A72022436800F8E087 /* Runner.cpp in Sources */,
				E4DD74AA2022437800F8E087 /* Controller.cpp in Sources */,
				E4658C0D2044954800A65706 /* TestingStacksAndQueues.cpp in Sources */,
				E448D46A202A33B00075090C /* ArrayTester.cpp in Sources */,
				E436BA20205AE96300EF624D /* SortingTester.cpp in Sources */,
				E4A9CD2B203CA26B00EC09A2 /* LinkedList.cpp in Sources */,
				E4DD74BF20224F7F00F8E087 /* FileController.cpp in Sources */,
				E4A9CD2E203CAEC400EC09A2 /* LinkedListTester.cpp in Sources */,
				E48F964A20696383000F177F /* GraphTester.cpp in Sources */,
			);
			runOnlyForDeploymentPostprocessing = 0;
		};
/* End PBXSourcesBuildPhase section */

/* Begin XCBuildConfiguration section */
		E4DD74A02022433D00F8E087 /* Debug */ = {
			isa = XCBuildConfiguration;
			buildSettings = {
				ALWAYS_SEARCH_USER_PATHS = NO;
				CLANG_ANALYZER_NONNULL = YES;
				CLANG_ANALYZER_NUMBER_OBJECT_CONVERSION = YES_AGGRESSIVE;
				CLANG_CXX_LANGUAGE_STANDARD = "gnu++14";
				CLANG_CXX_LIBRARY = "libc++";
				CLANG_ENABLE_MODULES = YES;
				CLANG_ENABLE_OBJC_ARC = YES;
				CLANG_WARN_BLOCK_CAPTURE_AUTORELEASING = YES;
				CLANG_WARN_BOOL_CONVERSION = YES;
				CLANG_WARN_COMMA = YES;
				CLANG_WARN_CONSTANT_CONVERSION = YES;
				CLANG_WARN_DIRECT_OBJC_ISA_USAGE = YES_ERROR;
				CLANG_WARN_DOCUMENTATION_COMMENTS = YES;
				CLANG_WARN_EMPTY_BODY = YES;
				CLANG_WARN_ENUM_CONVERSION = YES;
				CLANG_WARN_INFINITE_RECURSION = YES;
				CLANG_WARN_INT_CONVERSION = YES;
				CLANG_WARN_NON_LITERAL_NULL_CONVERSION = YES;
				CLANG_WARN_OBJC_LITERAL_CONVERSION = YES;
				CLANG_WARN_OBJC_ROOT_CLASS = YES_ERROR;
				CLANG_WARN_RANGE_LOOP_ANALYSIS = YES;
				CLANG_WARN_STRICT_PROTOTYPES = YES;
				CLANG_WARN_SUSPICIOUS_MOVE = YES;
				CLANG_WARN_UNGUARDED_AVAILABILITY = YES_AGGRESSIVE;
				CLANG_WARN_UNREACHABLE_CODE = YES;
				CLANG_WARN__DUPLICATE_METHOD_MATCH = YES;
				CODE_SIGN_IDENTITY = "-";
				COPY_PHASE_STRIP = NO;
				DEBUG_INFORMATION_FORMAT = dwarf;
				ENABLE_STRICT_OBJC_MSGSEND = YES;
				ENABLE_TESTABILITY = YES;
				GCC_C_LANGUAGE_STANDARD = gnu11;
				GCC_DYNAMIC_NO_PIC = NO;
				GCC_NO_COMMON_BLOCKS = YES;
				GCC_OPTIMIZATION_LEVEL = 0;
				GCC_PREPROCESSOR_DEFINITIONS = (
					"DEBUG=1",
					"$(inherited)",
				);
				GCC_WARN_64_TO_32_BIT_CONVERSION = YES;
				GCC_WARN_ABOUT_RETURN_TYPE = YES_ERROR;
				GCC_WARN_UNDECLARED_SELECTOR = YES;
				GCC_WARN_UNINITIALIZED_AUTOS = YES_AGGRESSIVE;
				GCC_WARN_UNUSED_FUNCTION = YES;
				GCC_WARN_UNUSED_VARIABLE = YES;
				MACOSX_DEPLOYMENT_TARGET = 10.12;
				MTL_ENABLE_DEBUG_INFO = YES;
				ONLY_ACTIVE_ARCH = YES;
				SDKROOT = macosx;
			};
			name = Debug;
		};
		E4DD74A12022433D00F8E087 /* Release */ = {
			isa = XCBuildConfiguration;
			buildSettings = {
				ALWAYS_SEARCH_USER_PATHS = NO;
				CLANG_ANALYZER_NONNULL = YES;
				CLANG_ANALYZER_NUMBER_OBJECT_CONVERSION = YES_AGGRESSIVE;
				CLANG_CXX_LANGUAGE_STANDARD = "gnu++14";
				CLANG_CXX_LIBRARY = "libc++";
				CLANG_ENABLE_MODULES = YES;
				CLANG_ENABLE_OBJC_ARC = YES;
				CLANG_WARN_BLOCK_CAPTURE_AUTORELEASING = YES;
				CLANG_WARN_BOOL_CONVERSION = YES;
				CLANG_WARN_COMMA = YES;
				CLANG_WARN_CONSTANT_CONVERSION = YES;
				CLANG_WARN_DIRECT_OBJC_ISA_USAGE = YES_ERROR;
				CLANG_WARN_DOCUMENTATION_COMMENTS = YES;
				CLANG_WARN_EMPTY_BODY = YES;
				CLANG_WARN_ENUM_CONVERSION = YES;
				CLANG_WARN_INFINITE_RECURSION = YES;
				CLANG_WARN_INT_CONVERSION = YES;
				CLANG_WARN_NON_LITERAL_NULL_CONVERSION = YES;
				CLANG_WARN_OBJC_LITERAL_CONVERSION = YES;
				CLANG_WARN_OBJC_ROOT_CLASS = YES_ERROR;
				CLANG_WARN_RANGE_LOOP_ANALYSIS = YES;
				CLANG_WARN_STRICT_PROTOTYPES = YES;
				CLANG_WARN_SUSPICIOUS_MOVE = YES;
				CLANG_WARN_UNGUARDED_AVAILABILITY = YES_AGGRESSIVE;
				CLANG_WARN_UNREACHABLE_CODE = YES;
				CLANG_WARN__DUPLICATE_METHOD_MATCH = YES;
				CODE_SIGN_IDENTITY = "-";
				COPY_PHASE_STRIP = NO;
				DEBUG_INFORMATION_FORMAT = "dwarf-with-dsym";
				ENABLE_NS_ASSERTIONS = NO;
				ENABLE_STRICT_OBJC_MSGSEND = YES;
				GCC_C_LANGUAGE_STANDARD = gnu11;
				GCC_NO_COMMON_BLOCKS = YES;
				GCC_WARN_64_TO_32_BIT_CONVERSION = YES;
				GCC_WARN_ABOUT_RETURN_TYPE = YES_ERROR;
				GCC_WARN_UNDECLARED_SELECTOR = YES;
				GCC_WARN_UNINITIALIZED_AUTOS = YES_AGGRESSIVE;
				GCC_WARN_UNUSED_FUNCTION = YES;
				GCC_WARN_UNUSED_VARIABLE = YES;
				MACOSX_DEPLOYMENT_TARGET = 10.12;
				MTL_ENABLE_DEBUG_INFO = NO;
				SDKROOT = macosx;
			};
			name = Release;
		};
		E4DD74A32022433D00F8E087 /* Debug */ = {
			isa = XCBuildConfiguration;
			buildSettings = {
				CODE_SIGN_STYLE = Automatic;
				PRODUCT_NAME = "$(TARGET_NAME)";
			};
			name = Debug;
		};
		E4DD74A42022433D00F8E087 /* Release */ = {
			isa = XCBuildConfiguration;
			buildSettings = {
				CODE_SIGN_STYLE = Automatic;
				PRODUCT_NAME = "$(TARGET_NAME)";
			};
			name = Release;
		};
/* End XCBuildConfiguration section */

/* Begin XCConfigurationList section */
		E4DD74962022433D00F8E087 /* Build configuration list for PBXProject "DataStructures" */ = {
			isa = XCConfigurationList;
			buildConfigurations = (
				E4DD74A02022433D00F8E087 /* Debug */,
				E4DD74A12022433D00F8E087 /* Release */,
			);
			defaultConfigurationIsVisible = 0;
			defaultConfigurationName = Release;
		};
		E4DD74A22022433D00F8E087 /* Build configuration list for PBXNativeTarget "DataStructures" */ = {
			isa = XCConfigurationList;
			buildConfigurations = (
				E4DD74A32022433D00F8E087 /* Debug */,
				E4DD74A42022433D00F8E087 /* Release */,
			);
			defaultConfigurationIsVisible = 0;
			defaultConfigurationName = Release;
		};
/* End XCConfigurationList section */
	};
	rootObject = E4DD74932022433D00F8E087 /* Project object */;
}
